
Microsoft Visual Studio Solution File, Format Version 12.00
# Visual Studio Version 16
VisualStudioVersion = 16.0.31729.503
MinimumVisualStudioVersion = 10.0.40219.1
Project("{9A19103F-16F7-4668-BE54-9A1E7A4F7556}") = "GOF_Behavioral_Observer", "GOF_Behavioral_Observer\GOF_Behavioral_Observer.csproj", "{135A8514-594C-4C81-8FCA-FBB38562C236}"
EndProject
Project("{FAE04EC0-301F-11D3-BF4B-00C04F79EFBC}") = "GOF_Structural_Decorator", "GOF_Structural_Decorator\GOF_Structural_Decorator.csproj", "{8A0083AF-3D74-4091-807E-F9D0F82E212F}"
EndProject
Global
	GlobalSection(SolutionConfigurationPlatforms) = preSolution
		Debug|Any CPU = Debug|Any CPU
		Release|Any CPU = Release|Any CPU
	EndGlobalSection
	GlobalSection(ProjectConfigurationPlatforms) = postSolution
		{135A8514-594C-4C81-8FCA-FBB38562C236}.Debug|Any CPU.ActiveCfg = Debug|Any CPU
		{135A8514-594C-4C81-8FCA-FBB38562C236}.Debug|Any CPU.Build.0 = Debug|Any CPU
		{135A8514-594C-4C81-8FCA-FBB38562C236}.Release|Any CPU.ActiveCfg = Release|Any CPU
		{135A8514-594C-4C81-8FCA-FBB38562C236}.Release|Any CPU.Build.0 = Release|Any CPU
		{8A0083AF-3D74-4091-807E-F9D0F82E212F}.Debug|Any CPU.ActiveCfg = Debug|Any CPU
		{8A0083AF-3D74-4091-807E-F9D0F82E212F}.Debug|Any CPU.Build.0 = Debug|Any CPU
		{8A0083AF-3D74-4091-807E-F9D0F82E212F}.Release|Any CPU.ActiveCfg = Release|Any CPU
		{8A0083AF-3D74-4091-807E-F9D0F82E212F}.Release|Any CPU.Build.0 = Release|Any CPU
	EndGlobalSection
	GlobalSection(SolutionProperties) = preSolution
		HideSolutionNode = FALSE
	EndGlobalSection
	GlobalSection(ExtensibilityGlobals) = postSolution
		SolutionGuid = {6D914A88-2A74-462F-946B-F686D90FB68C}
	EndGlobalSection
EndGlobal
